
Microsoft Visual Studio Solution File, Format Version 12.00
# Visual Studio 15
VisualStudioVersion = 15.0.28010.2036
MinimumVisualStudioVersion = 10.0.40219.1
Project("{FAE04EC0-301F-11D3-BF4B-00C04F79EFBC}") = "VSHelloWorld_150221087", "VSHelloWorld_150221087\VSHelloWorld_150221087.csproj", "{2842F3F8-51B9-4FEC-92D6-E96551EB3231}"
EndProject
Global
	GlobalSection(SolutionConfigurationPlatforms) = preSolution
		Debug|Any CPU = Debug|Any CPU
		Release|Any CPU = Release|Any CPU
	EndGlobalSection
	GlobalSection(ProjectConfigurationPlatforms) = postSolution
		{2842F3F8-51B9-4FEC-92D6-E96551EB3231}.Debug|Any CPU.ActiveCfg = Debug|Any CPU
		{2842F3F8-51B9-4FEC-92D6-E96551EB3231}.Debug|Any CPU.Build.0 = Debug|Any CPU
		{2842F3F8-51B9-4FEC-92D6-E96551EB3231}.Release|Any CPU.ActiveCfg = Release|Any CPU
		{2842F3F8-51B9-4FEC-92D6-E96551EB3231}.Release|Any CPU.Build.0 = Release|Any CPU
	EndGlobalSection
	GlobalSection(SolutionProperties) = preSolution
		HideSolutionNode = FALSE
	EndGlobalSection
	GlobalSection(ExtensibilityGlobals) = postSolution
		SolutionGuid = {E85F57A8-DCCD-47E8-BC13-0F3422D4D351}
	EndGlobalSection
EndGlobal
